// !$*UTF8*$!
{
	archiveVersion = 1;
	classes = {
	};
	objectVersion = 51;
	objects = {

/* Begin PBXBuildFile section */
		44DA167035C53DDF1CB871D2 /* Assets.xcassets in Resources */ = {isa = PBXBuildFile; fileRef = 5E7D8A3BE22F20F36101FA43 /* Assets.xcassets */; };
		5376DEBDBF0CA2C444AED3CB /* Main.storyboard in Resources */ = {isa = PBXBuildFile; fileRef = 1BC38D0D6640169B23F5570F /* Main.storyboard */; };
		749601A4714F59F365DBB567 /* LaunchScreen.storyboard in Resources */ = {isa = PBXBuildFile; fileRef = 99258BE7B96D7EB3647CC73C /* LaunchScreen.storyboard */; };
		BF06BE14FA067CA0A9F1E34A /* OpaqueTypesAppDelegate.swift in Sources */ = {isa = PBXBuildFile; fileRef = 37FD3AEFBF1404FD120BCD9D /* OpaqueTypesAppDelegate.swift */; };
/* End PBXBuildFile section */

/* Begin PBXFileReference section */
		17D4A30316EF0727CCD351F9 /* OpaqueTypes.app */ = {isa = PBXFileReference; includeInIndex = 0; lastKnownFileType = wrapper.application; path = OpaqueTypes.app; sourceTree = BUILT_PRODUCTS_DIR; };
		1BC38D0D6640169B23F5570F /* Main.storyboard */ = {isa = PBXFileReference; lastKnownFileType = file.storyboard; path = Main.storyboard; sourceTree = "<group>"; };
		339D8BA7CD92A6D8BC3AC9AE /* Base */ = {isa = PBXFileReference; lastKnownFileType = file.storyboard; name = Base; path = Base.lproj/LaunchScreen.storyboard; sourceTree = "<group>"; };
		37FD3AEFBF1404FD120BCD9D /* OpaqueTypesAppDelegate.swift */ = {isa = PBXFileReference; lastKnownFileType = sourcecode.swift; path = OpaqueTypesAppDelegate.swift; sourceTree = "<group>"; };
		3CFE504E03E18C05FE489CA6 /* Info.plist */ = {isa = PBXFileReference; lastKnownFileType = text.plist.xml; path = Info.plist; sourceTree = "<group>"; };
		5E7D8A3BE22F20F36101FA43 /* Assets.xcassets */ = {isa = PBXFileReference; lastKnownFileType = folder.assetcatalog; path = Assets.xcassets; sourceTree = "<group>"; };
/* End PBXFileReference section */

/* Begin PBXGroup section */
		1AEFC4F2938FEBE8EED5EB8F /* Model */ = {
			isa = PBXGroup;
			children = (
			);
			path = Model;
			sourceTree = "<group>";
		};
		3D138A88DC46B86F978C5530 /* Common */ = {
			isa = PBXGroup;
			children = (
			);
			path = Common;
			sourceTree = "<group>";
		};
		812D38B4C1C6F8855085A537 /* Assets */ = {
			isa = PBXGroup;
			children = (
				5E7D8A3BE22F20F36101FA43 /* Assets.xcassets */,
				99258BE7B96D7EB3647CC73C /* LaunchScreen.storyboard */,
				1BC38D0D6640169B23F5570F /* Main.storyboard */,
			);
			path = Assets;
			sourceTree = "<group>";
		};
		8E79775C5CD9DC9BCDC643D1 /* Controller */ = {
			isa = PBXGroup;
			children = (
			);
			path = Controller;
			sourceTree = "<group>";
		};
		9657968DA8FFEC879A496E54 /* OpaqueTypes */ = {
			isa = PBXGroup;
			children = (
				B0C885F664C4691151767E71 /* App */,
				812D38B4C1C6F8855085A537 /* Assets */,
				3D138A88DC46B86F978C5530 /* Common */,
				8E79775C5CD9DC9BCDC643D1 /* Controller */,
				1AEFC4F2938FEBE8EED5EB8F /* Model */,
			);
			path = OpaqueTypes;
			sourceTree = "<group>";
		};
		9A80877A7E69B7CA22ADCD43 /* Products */ = {
			isa = PBXGroup;
			children = (
				17D4A30316EF0727CCD351F9 /* OpaqueTypes.app */,
			);
			name = Products;
			sourceTree = "<group>";
		};
		B0C885F664C4691151767E71 /* App */ = {
			isa = PBXGroup;
			children = (
				3CFE504E03E18C05FE489CA6 /* Info.plist */,
				37FD3AEFBF1404FD120BCD9D /* OpaqueTypesAppDelegate.swift */,
			);
			path = App;
			sourceTree = "<group>";
		};
		F41E81223C089846390E5DCC = {
			isa = PBXGroup;
			children = (
				9657968DA8FFEC879A496E54 /* OpaqueTypes */,
				9A80877A7E69B7CA22ADCD43 /* Products */,
			);
			sourceTree = "<group>";
		};
/* End PBXGroup section */

/* Begin PBXNativeTarget section */
		2294B053E712780030ED0A95 /* OpaqueTypes */ = {
			isa = PBXNativeTarget;
			buildConfigurationList = 9BEBEFE513E8EB2E7C67D816 /* Build configuration list for PBXNativeTarget "OpaqueTypes" */;
			buildPhases = (
				911E8CCE4343204AF34DE675 /* Sources */,
				5DA810A6B15E80068C855152 /* Resources */,
			);
			buildRules = (
			);
			dependencies = (
			);
			name = OpaqueTypes;
			productName = OpaqueTypes;
			productReference = 17D4A30316EF0727CCD351F9 /* OpaqueTypes.app */;
			productType = "com.apple.product-type.application";
		};
/* End PBXNativeTarget section */

/* Begin PBXProject section */
		E7EC01212DAFBCFE901C70C7 /* Project object */ = {
			isa = PBXProject;
			attributes = {
				LastUpgradeCheck = 1020;
			};
			buildConfigurationList = 40FC13433102C00DC4D0F97E /* Build configuration list for PBXProject "OpaqueTypes" */;
			compatibilityVersion = "Xcode 10.0";
			developmentRegion = en;
			hasScannedForEncodings = 0;
			knownRegions = (
				Base,
			);
			mainGroup = F41E81223C089846390E5DCC;
			projectDirPath = "";
			projectRoot = "";
			targets = (
				2294B053E712780030ED0A95 /* OpaqueTypes */,
			);
		};
/* End PBXProject section */

/* Begin PBXResourcesBuildPhase section */
		5DA810A6B15E80068C855152 /* Resources */ = {
			isa = PBXResourcesBuildPhase;
			buildActionMask = 2147483647;
			files = (
				44DA167035C53DDF1CB871D2 /* Assets.xcassets in Resources */,
				749601A4714F59F365DBB567 /* LaunchScreen.storyboard in Resources */,
				5376DEBDBF0CA2C444AED3CB /* Main.storyboard in Resources */,
			);
			runOnlyForDeploymentPostprocessing = 0;
		};
/* End PBXResourcesBuildPhase section */

/* Begin PBXSourcesBuildPhase section */
		911E8CCE4343204AF34DE675 /* Sources */ = {
			isa = PBXSourcesBuildPhase;
			buildActionMask = 2147483647;
			files = (
				BF06BE14FA067CA0A9F1E34A /* OpaqueTypesAppDelegate.swift in Sources */,
			);
			runOnlyForDeploymentPostprocessing = 0;
		};
/* End PBXSourcesBuildPhase section */

/* Begin PBXVariantGroup section */
		99258BE7B96D7EB3647CC73C /* LaunchScreen.storyboard */ = {
			isa = PBXVariantGroup;
			children = (
				339D8BA7CD92A6D8BC3AC9AE /* Base */,
			);
			name = LaunchScreen.storyboard;
			sourceTree = "<group>";
		};
/* End PBXVariantGroup section */

/* Begin XCBuildConfiguration section */
		3B2A7F36B0D45D3C5F3DAC87 /* Debug */ = {
			isa = XCBuildConfiguration;
			buildSettings = {
				ALWAYS_SEARCH_USER_PATHS = NO;
				CLANG_ANALYZER_NONNULL = YES;
				CLANG_ANALYZER_NUMBER_OBJECT_CONVERSION = YES_AGGRESSIVE;
				CLANG_CXX_LANGUAGE_STANDARD = "gnu++14";
				CLANG_CXX_LIBRARY = "libc++";
				CLANG_ENABLE_MODULES = YES;
				CLANG_ENABLE_OBJC_ARC = YES;
				CLANG_WARN_BLOCK_CAPTURE_AUTORELEASING = YES;
				CLANG_WARN_BOOL_CONVERSION = YES;
				CLANG_WARN_COMMA = YES;
				CLANG_WARN_CONSTANT_CONVERSION = YES;
				CLANG_WARN_DEPRECATED_OBJC_IMPLEMENTATIONS = YES;
				CLANG_WARN_DIRECT_OBJC_ISA_USAGE = YES_ERROR;
				CLANG_WARN_DOCUMENTATION_COMMENTS = YES;
				CLANG_WARN_EMPTY_BODY = YES;
				CLANG_WARN_ENUM_CONVERSION = YES;
				CLANG_WARN_INFINITE_RECURSION = YES;
				CLANG_WARN_INT_CONVERSION = YES;
				CLANG_WARN_NON_LITERAL_NULL_CONVERSION = YES;
				CLANG_WARN_OBJC_IMPLICIT_RETAIN_SELF = YES;
				CLANG_WARN_OBJC_LITERAL_CONVERSION = YES;
				CLANG_WARN_OBJC_ROOT_CLASS = YES_ERROR;
				CLANG_WARN_RANGE_LOOP_ANALYSIS = YES;
				CLANG_WARN_STRICT_PROTOTYPES = YES;
				CLANG_WARN_SUSPICIOUS_MOVE = YES;
				CLANG_WARN_UNGUARDED_AVAILABILITY = YES_AGGRESSIVE;
				CLANG_WARN_UNREACHABLE_CODE = YES;
				CLANG_WARN__DUPLICATE_METHOD_MATCH = YES;
				COPY_PHASE_STRIP = NO;
				DEBUG_INFORMATION_FORMAT = dwarf;
				ENABLE_STRICT_OBJC_MSGSEND = YES;
				ENABLE_TESTABILITY = YES;
				GCC_C_LANGUAGE_STANDARD = gnu11;
				GCC_DYNAMIC_NO_PIC = NO;
				GCC_NO_COMMON_BLOCKS = YES;
				GCC_OPTIMIZATION_LEVEL = 0;
				GCC_PREPROCESSOR_DEFINITIONS = (
					"$(inherited)",
					"DEBUG=1",
				);
				GCC_WARN_64_TO_32_BIT_CONVERSION = YES;
				GCC_WARN_ABOUT_RETURN_TYPE = YES_ERROR;
				GCC_WARN_UNDECLARED_SELECTOR = YES;
				GCC_WARN_UNINITIALIZED_AUTOS = YES_AGGRESSIVE;
				GCC_WARN_UNUSED_FUNCTION = YES;
				GCC_WARN_UNUSED_VARIABLE = YES;
				IPHONEOS_DEPLOYMENT_TARGET = 10.0;
				MTL_ENABLE_DEBUG_INFO = YES;
				ONLY_ACTIVE_ARCH = YES;
				PRODUCT_NAME = "$(TARGET_NAME)";
				SDKROOT = iphoneos;
				SWIFT_ACTIVE_COMPILATION_CONDITIONS = DEBUG;
				SWIFT_OPTIMIZATION_LEVEL = "-Onone";
				SWIFT_VERSION = 5.0;
			};
			name = Debug;
		};
		9D853BFF92CF7098778CC50F /* Release */ = {
			isa = XCBuildConfiguration;
			buildSettings = {
				ASSETCATALOG_COMPILER_APPICON_NAME = AppIcon;
				CODE_SIGN_IDENTITY = "iPhone Developer";
				INFOPLIST_FILE = OpaqueTypes/App/Info.plist;
				LD_RUNPATH_SEARCH_PATHS = "$(inherited) @executable_path/Frameworks";
				PRODUCT_BUNDLE_IDENTIFIER = com.example.OpaqueTypes;
				SDKROOT = iphoneos;
				SWIFT_VERSION = 5.0;
				TARGETED_DEVICE_FAMILY = "1,2";
			};
			name = Release;
		};
		C55B87D9C8E74937E3C35D18 /* Release */ = {
			isa = XCBuildConfiguration;
			buildSettings = {
				ALWAYS_SEARCH_USER_PATHS = NO;
				CLANG_ANALYZER_NONNULL = YES;
				CLANG_ANALYZER_NUMBER_OBJECT_CONVERSION = YES_AGGRESSIVE;
				CLANG_CXX_LANGUAGE_STANDARD = "gnu++14";
				CLANG_CXX_LIBRARY = "libc++";
				CLANG_ENABLE_MODULES = YES;
				CLANG_ENABLE_OBJC_ARC = YES;
				CLANG_WARN_BLOCK_CAPTURE_AUTORELEASING = YES;
				CLANG_WARN_BOOL_CONVERSION = YES;
				CLANG_WARN_COMMA = YES;
				CLANG_WARN_CONSTANT_CONVERSION = YES;
				CLANG_WARN_DEPRECATED_OBJC_IMPLEMENTATIONS = YES;
				CLANG_WARN_DIRECT_OBJC_ISA_USAGE = YES_ERROR;
				CLANG_WARN_DOCUMENTATION_COMMENTS = YES;
				CLANG_WARN_EMPTY_BODY = YES;
				CLANG_WARN_ENUM_CONVERSION = YES;
				CLANG_WARN_INFINITE_RECURSION = YES;
				CLANG_WARN_INT_CONVERSION = YES;
				CLANG_WARN_NON_LITERAL_NULL_CONVERSION = YES;
				CLANG_WARN_OBJC_IMPLICIT_RETAIN_SELF = YES;
				CLANG_WARN_OBJC_LITERAL_CONVERSION = YES;
				CLANG_WARN_OBJC_ROOT_CLASS = YES_ERROR;
				CLANG_WARN_RANGE_LOOP_ANALYSIS = YES;
				CLANG_WARN_STRICT_PROTOTYPES = YES;
				CLANG_WARN_SUSPICIOUS_MOVE = YES;
				CLANG_WARN_UNGUARDED_AVAILABILITY = YES_AGGRESSIVE;
				CLANG_WARN_UNREACHABLE_CODE = YES;
				CLANG_WARN__DUPLICATE_METHOD_MATCH = YES;
				COPY_PHASE_STRIP = NO;
				DEBUG_INFORMATION_FORMAT = "dwarf-with-dsym";
				ENABLE_NS_ASSERTIONS = NO;
				ENABLE_STRICT_OBJC_MSGSEND = YES;
				GCC_C_LANGUAGE_STANDARD = gnu11;
				GCC_NO_COMMON_BLOCKS = YES;
				GCC_WARN_64_TO_32_BIT_CONVERSION = YES;
				GCC_WARN_ABOUT_RETURN_TYPE = YES_ERROR;
				GCC_WARN_UNDECLARED_SELECTOR = YES;
				GCC_WARN_UNINITIALIZED_AUTOS = YES_AGGRESSIVE;
				GCC_WARN_UNUSED_FUNCTION = YES;
				GCC_WARN_UNUSED_VARIABLE = YES;
				IPHONEOS_DEPLOYMENT_TARGET = 10.0;
				PRODUCT_NAME = "$(TARGET_NAME)";
				SDKROOT = iphoneos;
				SWIFT_COMPILATION_MODE = wholemodule;
				SWIFT_VERSION = 5.0;
				VALIDATE_PRODUCT = YES;
			};
			name = Release;
		};
		FE0232FE99065A989098290F /* Debug */ = {
			isa = XCBuildConfiguration;
			buildSettings = {
				ASSETCATALOG_COMPILER_APPICON_NAME = AppIcon;
				CODE_SIGN_IDENTITY = "iPhone Developer";
				INFOPLIST_FILE = OpaqueTypes/App/Info.plist;
				LD_RUNPATH_SEARCH_PATHS = "$(inherited) @executable_path/Frameworks";
				PRODUCT_BUNDLE_IDENTIFIER = com.example.OpaqueTypes;
				SDKROOT = iphoneos;
				SWIFT_VERSION = 5.0;
				TARGETED_DEVICE_FAMILY = "1,2";
			};
			name = Debug;
		};
/* End XCBuildConfiguration section */

/* Begin XCConfigurationList section */
		40FC13433102C00DC4D0F97E /* Build configuration list for PBXProject "OpaqueTypes" */ = {
			isa = XCConfigurationList;
			buildConfigurations = (
				3B2A7F36B0D45D3C5F3DAC87 /* Debug */,
				C55B87D9C8E74937E3C35D18 /* Release */,
			);
			defaultConfigurationIsVisible = 0;
			defaultConfigurationName = Debug;
		};
		9BEBEFE513E8EB2E7C67D816 /* Build configuration list for PBXNativeTarget "OpaqueTypes" */ = {
			isa = XCConfigurationList;
			buildConfigurations = (
				FE0232FE99065A989098290F /* Debug */,
				9D853BFF92CF7098778CC50F /* Release */,
			);
			defaultConfigurationIsVisible = 0;
			defaultConfigurationName = "";
		};
/* End XCConfigurationList section */
	};
	rootObject = E7EC01212DAFBCFE901C70C7 /* Project object */;
}
